
Microsoft Visual Studio Solution File, Format Version 12.00
# Visual Studio Version 16
VisualStudioVersion = 16.0.29609.76
MinimumVisualStudioVersion = 10.0.40219.1
Project("{F2A71F9B-5D33-465A-A702-920D77279786}") = "PZ10", "PZ10\PZ10.fsproj", "{F415D40F-AECA-4886-AAAB-E742967EC76A}"
EndProject
Global
	GlobalSection(SolutionConfigurationPlatforms) = preSolution
		Debug|Any CPU = Debug|Any CPU
		Release|Any CPU = Release|Any CPU
	EndGlobalSection
	GlobalSection(ProjectConfigurationPlatforms) = postSolution
		{F415D40F-AECA-4886-AAAB-E742967EC76A}.Debug|Any CPU.ActiveCfg = Debug|Any CPU
		{F415D40F-AECA-4886-AAAB-E742967EC76A}.Debug|Any CPU.Build.0 = Debug|Any CPU
		{F415D40F-AECA-4886-AAAB-E742967EC76A}.Release|Any CPU.ActiveCfg = Release|Any CPU
		{F415D40F-AECA-4886-AAAB-E742967EC76A}.Release|Any CPU.Build.0 = Release|Any CPU
	EndGlobalSection
	GlobalSection(SolutionProperties) = preSolution
		HideSolutionNode = FALSE
	EndGlobalSection
	GlobalSection(ExtensibilityGlobals) = postSolution
		SolutionGuid = {2CE8E520-59B3-4CB5-B071-E3547851CB37}
	EndGlobalSection
EndGlobal
